
Microsoft Visual Studio Solution File, Format Version 12.00
# Visual Studio Version 16
VisualStudioVersion = 16.0.31229.75
MinimumVisualStudioVersion = 10.0.40219.1
Project("{FAE04EC0-301F-11D3-BF4B-00C04F79EFBC}") = "Launcher Corp", "Launcher Corp.csproj", "{ECA0CB03-7315-450C-A78C-5AA864CD57C6}"
EndProject
Global
	GlobalSection(SolutionConfigurationPlatforms) = preSolution
		Debug|Any CPU = Debug|Any CPU
		Release|Any CPU = Release|Any CPU
	EndGlobalSection
	GlobalSection(ProjectConfigurationPlatforms) = postSolution
		{ECA0CB03-7315-450C-A78C-5AA864CD57C6}.Debug|Any CPU.ActiveCfg = Debug|Any CPU
		{ECA0CB03-7315-450C-A78C-5AA864CD57C6}.Debug|Any CPU.Build.0 = Debug|Any CPU
		{ECA0CB03-7315-450C-A78C-5AA864CD57C6}.Release|Any CPU.ActiveCfg = Release|Any CPU
		{ECA0CB03-7315-450C-A78C-5AA864CD57C6}.Release|Any CPU.Build.0 = Release|Any CPU
	EndGlobalSection
	GlobalSection(SolutionProperties) = preSolution
		HideSolutionNode = FALSE
	EndGlobalSection
	GlobalSection(ExtensibilityGlobals) = postSolution
		SolutionGuid = {0CEC8C77-019F-4110-B7B3-47B3CD5D4810}
	EndGlobalSection
EndGlobal
